{
  "name": "@antv/async-hook",
  "version": "2.2.0",
  "lockfileVersion": 1,
  "requires": true,
  "dependencies": {
    "@rollup/plugin-buble": {
      "version": "0.21.3",
      "resolved": "https://registry.npm.alibaba-inc.com/@rollup/plugin-buble/download/@rollup/plugin-buble-0.21.3.tgz",
      "integrity": "sha1-FkmpFbHQUaT0MNQOdzSn9nppsz4=",
      "dev": true,
      "requires": {
        "@rollup/pluginutils": "^3.0.8",
        "@types/buble": "^0.19.2",
        "buble": "^0.20.0"
      }
    },
    "@rollup/plugin-commonjs": {
      "version": "19.0.0",
      "resolved": "https://registry.npm.alibaba-inc.com/@rollup/plugin-commonjs/download/@rollup/plugin-commonjs-19.0.0.tgz",
      "integrity": "sha1-jD5x+aZpCOYNcMwb4gWDTvPkX3E=",
      "dev": true,
      "requires": {
        "@rollup/pluginutils": "^3.1.0",
        "commondir": "^1.0.1",
        "estree-walker": "^2.0.1",
        "glob": "^7.1.6",
        "is-reference": "^1.2.1",
        "magic-string": "^0.25.7",
        "resolve": "^1.17.0"
      },
      "dependencies": {
        "estree-walker": {
          "version": "2.0.2",
          "resolved": "https://registry.npm.alibaba-inc.com/estree-walker/download/estree-walker-2.0.2.tgz",
          "integrity": "sha1-UvAQF4wqTBF6d1fP6UKtt9LaTKw=",
          "dev": true
        }
      }
    },
    "@rollup/plugin-node-resolve": {
      "version": "13.0.0",
      "resolved": "https://registry.npm.alibaba-inc.com/@rollup/plugin-node-resolve/download/@rollup/plugin-node-resolve-13.0.0.tgz",
      "integrity": "sha1-NS8H5DD/N3gJ7I7Ipv1jZUcWLcQ=",
      "dev": true,
      "requires": {
        "@rollup/pluginutils": "^3.1.0",
        "@types/resolve": "1.17.1",
        "builtin-modules": "^3.1.0",
        "deepmerge": "^4.2.2",
        "is-module": "^1.0.0",
        "resolve": "^1.19.0"
      }
    },
    "@rollup/plugin-typescript": {
      "version": "8.2.1",
      "resolved": "https://registry.npm.alibaba-inc.com/@rollup/plugin-typescript/download/@rollup/plugin-typescript-8.2.1.tgz",
      "integrity": "sha1-8aMtQDDMg0Ms42qAqSIoDw8LXUQ=",
      "dev": true,
      "requires": {
        "@rollup/pluginutils": "^3.1.0",
        "resolve": "^1.17.0"
      }
    },
    "@rollup/pluginutils": {
      "version": "3.1.0",
      "resolved": "https://registry.npm.alibaba-inc.com/@rollup/pluginutils/download/@rollup/pluginutils-3.1.0.tgz",
      "integrity": "sha1-cGtFJO5tyLEDs8mVUz5a1oDAK5s=",
      "dev": true,
      "requires": {
        "@types/estree": "0.0.39",
        "estree-walker": "^1.0.1",
        "picomatch": "^2.2.2"
      }
    },
    "@types/async": {
      "version": "3.2.6",
      "resolved": "https://registry.npm.alibaba-inc.com/@types/async/download/@types/async-3.2.6.tgz",
      "integrity": "sha1-HUkzmEbGqgsKiggwPCEXbxtk3E8=",
      "dev": true
    },
    "@types/buble": {
      "version": "0.19.2",
      "resolved": "https://registry.npm.alibaba-inc.com/@types/buble/download/@types/buble-0.19.2.tgz",
      "integrity": "sha1-pCidILF1s8IGqq2Ayqvavj7N/dE=",
      "dev": true,
      "requires": {
        "magic-string": "^0.25.0"
      }
    },
    "@types/estree": {
      "version": "0.0.39",
      "resolved": "https://registry.npm.alibaba-inc.com/@types/estree/download/@types/estree-0.0.39.tgz",
      "integrity": "sha1-4Xfmme4bjCLSMXTKqnQiZEOJUJ8=",
      "dev": true
    },
    "@types/node": {
      "version": "15.12.5",
      "resolved": "https://registry.npm.alibaba-inc.com/@types/node/download/@types/node-15.12.5.tgz",
      "integrity": "sha1-mngxikXXXJUj0jlhMb08ylSy0YU=",
      "dev": true
    },
    "@types/resolve": {
      "version": "1.17.1",
      "resolved": "https://registry.npm.alibaba-inc.com/@types/resolve/download/@types/resolve-1.17.1.tgz",
      "integrity": "sha1-Ov1q2JZ8d+Q3bFmKgt3Vj0bsRdY=",
      "dev": true,
      "requires": {
        "@types/node": "*"
      }
    },
    "acorn": {
      "version": "6.4.2",
      "resolved": "https://registry.npm.alibaba-inc.com/acorn/download/acorn-6.4.2.tgz",
      "integrity": "sha1-NYZv1xBSjpLeEM8GAWSY5H454eY=",
      "dev": true
    },
    "acorn-dynamic-import": {
      "version": "4.0.0",
      "resolved": "https://registry.npm.alibaba-inc.com/acorn-dynamic-import/download/acorn-dynamic-import-4.0.0.tgz",
      "integrity": "sha1-SCIQFAWCo2uDw+NC4c/ryqkkCUg=",
      "dev": true
    },
    "acorn-jsx": {
      "version": "5.3.1",
      "resolved": "https://registry.npm.alibaba-inc.com/acorn-jsx/download/acorn-jsx-5.3.1.tgz",
      "integrity": "sha1-/IZh4Rt6wVOcR9v+oucrOvNNJns=",
      "dev": true
    },
    "ansi-styles": {
      "version": "3.2.1",
      "resolved": "https://registry.npm.alibaba-inc.com/ansi-styles/download/ansi-styles-3.2.1.tgz",
      "integrity": "sha1-QfuyAkPlCxK+DwS43tvwdSDOhB0=",
      "dev": true,
      "requires": {
        "color-convert": "^1.9.0"
      }
    },
    "async": {
      "version": "3.2.0",
      "resolved": "https://registry.npm.alibaba-inc.com/async/download/async-3.2.0.tgz",
      "integrity": "sha1-s6JoXF67ZB094C0WEALGD8n4VyA="
    },
    "balanced-match": {
      "version": "1.0.2",
      "resolved": "https://registry.npm.alibaba-inc.com/balanced-match/download/balanced-match-1.0.2.tgz",
      "integrity": "sha1-6D46fj8wCzTLnYf2FfoMvzV2kO4=",
      "dev": true
    },
    "brace-expansion": {
      "version": "1.1.11",
      "resolved": "https://registry.npm.alibaba-inc.com/brace-expansion/download/brace-expansion-1.1.11.tgz",
      "integrity": "sha1-PH/L9SnYcibz0vUrlm/1Jx60Qd0=",
      "dev": true,
      "requires": {
        "balanced-match": "^1.0.0",
        "concat-map": "0.0.1"
      }
    },
    "buble": {
      "version": "0.20.0",
      "resolved": "https://registry.npm.alibaba-inc.com/buble/download/buble-0.20.0.tgz",
      "integrity": "sha1-oUOXmo2Wi392tX848ufOfP6TjR8=",
      "dev": true,
      "requires": {
        "acorn": "^6.4.1",
        "acorn-dynamic-import": "^4.0.0",
        "acorn-jsx": "^5.2.0",
        "chalk": "^2.4.2",
        "magic-string": "^0.25.7",
        "minimist": "^1.2.5",
        "regexpu-core": "4.5.4"
      }
    },
    "builtin-modules": {
      "version": "3.2.0",
      "resolved": "https://registry.npm.alibaba-inc.com/builtin-modules/download/builtin-modules-3.2.0.tgz",
      "integrity": "sha1-RdXbmefuXmvE82LgCL+RerUEmIc=",
      "dev": true
    },
    "chalk": {
      "version": "2.4.2",
      "resolved": "https://registry.npm.alibaba-inc.com/chalk/download/chalk-2.4.2.tgz",
      "integrity": "sha1-zUJUFnelQzPPVBpJEIwUMrRMlCQ=",
      "dev": true,
      "requires": {
        "ansi-styles": "^3.2.1",
        "escape-string-regexp": "^1.0.5",
        "supports-color": "^5.3.0"
      }
    },
    "color-convert": {
      "version": "1.9.3",
      "resolved": "https://registry.npm.alibaba-inc.com/color-convert/download/color-convert-1.9.3.tgz",
      "integrity": "sha1-u3GFBpDh8TZWfeYp0tVHHe2kweg=",
      "dev": true,
      "requires": {
        "color-name": "1.1.3"
      }
    },
    "color-name": {
      "version": "1.1.3",
      "resolved": "https://registry.npm.alibaba-inc.com/color-name/download/color-name-1.1.3.tgz",
      "integrity": "sha1-p9BVi9icQveV3UIyj3QIMcpTvCU=",
      "dev": true
    },
    "commondir": {
      "version": "1.0.1",
      "resolved": "https://registry.npm.alibaba-inc.com/commondir/download/commondir-1.0.1.tgz",
      "integrity": "sha1-3dgA2gxmEnOTzKWVDqloo6rxJTs=",
      "dev": true
    },
    "concat-map": {
      "version": "0.0.1",
      "resolved": "https://registry.npm.alibaba-inc.com/concat-map/download/concat-map-0.0.1.tgz",
      "integrity": "sha1-2Klr13/Wjfd5OnMDajug1UBdR3s=",
      "dev": true
    },
    "deepmerge": {
      "version": "4.2.2",
      "resolved": "https://registry.npm.alibaba-inc.com/deepmerge/download/deepmerge-4.2.2.tgz",
      "integrity": "sha1-RNLqNnm49NT/ujPwPYZfwee/SVU=",
      "dev": true
    },
    "escape-string-regexp": {
      "version": "1.0.5",
      "resolved": "https://registry.npm.alibaba-inc.com/escape-string-regexp/download/escape-string-regexp-1.0.5.tgz",
      "integrity": "sha1-G2HAViGQqN/2rjuyzwIAyhMLhtQ=",
      "dev": true
    },
    "estree-walker": {
      "version": "1.0.1",
      "resolved": "https://registry.npm.alibaba-inc.com/estree-walker/download/estree-walker-1.0.1.tgz",
      "integrity": "sha1-MbxdYSyWtwQQa0d+bdXYqhOMtwA=",
      "dev": true
    },
    "fs.realpath": {
      "version": "1.0.0",
      "resolved": "https://registry.npm.alibaba-inc.com/fs.realpath/download/fs.realpath-1.0.0.tgz",
      "integrity": "sha1-FQStJSMVjKpA20onh8sBQRmU6k8=",
      "dev": true
    },
    "fsevents": {
      "version": "2.3.2",
      "resolved": "https://registry.npm.alibaba-inc.com/fsevents/download/fsevents-2.3.2.tgz",
      "integrity": "sha1-ilJveLj99GI7cJ4Ll1xSwkwC/Ro=",
      "dev": true,
      "optional": true
    },
    "function-bind": {
      "version": "1.1.1",
      "resolved": "https://registry.npm.alibaba-inc.com/function-bind/download/function-bind-1.1.1.tgz",
      "integrity": "sha1-pWiZ0+o8m6uHS7l3O3xe3pL0iV0=",
      "dev": true
    },
    "glob": {
      "version": "7.1.7",
      "resolved": "https://registry.npm.alibaba-inc.com/glob/download/glob-7.1.7.tgz",
      "integrity": "sha1-Oxk+kjPwHULQs/eClLvutBj5SpA=",
      "dev": true,
      "requires": {
        "fs.realpath": "^1.0.0",
        "inflight": "^1.0.4",
        "inherits": "2",
        "minimatch": "^3.0.4",
        "once": "^1.3.0",
        "path-is-absolute": "^1.0.0"
      }
    },
    "has": {
      "version": "1.0.3",
      "resolved": "https://registry.npm.alibaba-inc.com/has/download/has-1.0.3.tgz",
      "integrity": "sha1-ci18v8H2qoJB8W3YFOAR4fQeh5Y=",
      "dev": true,
      "requires": {
        "function-bind": "^1.1.1"
      }
    },
    "has-flag": {
      "version": "3.0.0",
      "resolved": "https://registry.npm.alibaba-inc.com/has-flag/download/has-flag-3.0.0.tgz",
      "integrity": "sha1-tdRU3CGZriJWmfNGfloH87lVuv0=",
      "dev": true
    },
    "inflight": {
      "version": "1.0.6",
      "resolved": "https://registry.npm.alibaba-inc.com/inflight/download/inflight-1.0.6.tgz",
      "integrity": "sha1-Sb1jMdfQLQwJvJEKEHW6gWW1bfk=",
      "dev": true,
      "requires": {
        "once": "^1.3.0",
        "wrappy": "1"
      }
    },
    "inherits": {
      "version": "2.0.4",
      "resolved": "https://registry.npm.alibaba-inc.com/inherits/download/inherits-2.0.4.tgz",
      "integrity": "sha1-D6LGT5MpF8NDOg3tVTY6rjdBa3w=",
      "dev": true
    },
    "is-core-module": {
      "version": "2.4.0",
      "resolved": "https://registry.npm.alibaba-inc.com/is-core-module/download/is-core-module-2.4.0.tgz",
      "integrity": "sha1-jp/I4VAnsBFBgCbpjw5vTYYwXME=",
      "dev": true,
      "requires": {
        "has": "^1.0.3"
      }
    },
    "is-module": {
      "version": "1.0.0",
      "resolved": "https://registry.npm.alibaba-inc.com/is-module/download/is-module-1.0.0.tgz",
      "integrity": "sha1-Mlj7afeMFNW4FdZkM2tM/7ZEFZE=",
      "dev": true
    },
    "is-reference": {
      "version": "1.2.1",
      "resolved": "https://registry.npm.alibaba-inc.com/is-reference/download/is-reference-1.2.1.tgz",
      "integrity": "sha1-iy2sCzcfS8mU/eq6nrVC0DAC0Lc=",
      "dev": true,
      "requires": {
        "@types/estree": "*"
      }
    },
    "jsesc": {
      "version": "0.5.0",
      "resolved": "https://registry.npm.alibaba-inc.com/jsesc/download/jsesc-0.5.0.tgz",
      "integrity": "sha1-597mbjXW/Bb3EP6R1c9p9w8IkR0=",
      "dev": true
    },
    "magic-string": {
      "version": "0.25.7",
      "resolved": "https://registry.npm.alibaba-inc.com/magic-string/download/magic-string-0.25.7.tgz",
      "integrity": "sha1-P0l9b9NMZpxnmNy4IfLvMfVEUFE=",
      "dev": true,
      "requires": {
        "sourcemap-codec": "^1.4.4"
      }
    },
    "minimatch": {
      "version": "3.0.4",
      "resolved": "https://registry.npm.alibaba-inc.com/minimatch/download/minimatch-3.0.4.tgz",
      "integrity": "sha1-UWbihkV/AzBgZL5Ul+jbsMPTIIM=",
      "dev": true,
      "requires": {
        "brace-expansion": "^1.1.7"
      }
    },
    "minimist": {
      "version": "1.2.5",
      "resolved": "https://registry.npm.alibaba-inc.com/minimist/download/minimist-1.2.5.tgz",
      "integrity": "sha1-Z9ZgFLZqaoqqDAg8X9WN9OTpdgI=",
      "dev": true
    },
    "once": {
      "version": "1.4.0",
      "resolved": "https://registry.npm.alibaba-inc.com/once/download/once-1.4.0.tgz",
      "integrity": "sha1-WDsap3WWHUsROsF9nFC6753Xa9E=",
      "dev": true,
      "requires": {
        "wrappy": "1"
      }
    },
    "path-is-absolute": {
      "version": "1.0.1",
      "resolved": "https://registry.npm.alibaba-inc.com/path-is-absolute/download/path-is-absolute-1.0.1.tgz",
      "integrity": "sha1-F0uSaHNVNP+8es5r9TpanhtcX18=",
      "dev": true
    },
    "path-parse": {
      "version": "1.0.7",
      "resolved": "https://registry.npm.alibaba-inc.com/path-parse/download/path-parse-1.0.7.tgz",
      "integrity": "sha1-+8EUtgykKzDZ2vWFjkvWi77bZzU=",
      "dev": true
    },
    "picomatch": {
      "version": "2.3.0",
      "resolved": "https://registry.npm.alibaba-inc.com/picomatch/download/picomatch-2.3.0.tgz",
      "integrity": "sha1-8fBh3o9qS/AiiS4tEoI0+5gwKXI=",
      "dev": true
    },
    "regenerate": {
      "version": "1.4.2",
      "resolved": "https://registry.npm.alibaba-inc.com/regenerate/download/regenerate-1.4.2.tgz",
      "integrity": "sha1-uTRtiCfo9aMve6KWN9OYtpAUhIo=",
      "dev": true
    },
    "regenerate-unicode-properties": {
      "version": "8.2.0",
      "resolved": "https://registry.npm.alibaba-inc.com/regenerate-unicode-properties/download/regenerate-unicode-properties-8.2.0.tgz",
      "integrity": "sha1-5d5xEdZV57pgwFfb6f83yH5lzew=",
      "dev": true,
      "requires": {
        "regenerate": "^1.4.0"
      }
    },
    "regexpu-core": {
      "version": "4.5.4",
      "resolved": "https://registry.npm.alibaba-inc.com/regexpu-core/download/regexpu-core-4.5.4.tgz",
      "integrity": "sha1-CA2dAiiaqH/hZnpPUTa8mKauuq4=",
      "dev": true,
      "requires": {
        "regenerate": "^1.4.0",
        "regenerate-unicode-properties": "^8.0.2",
        "regjsgen": "^0.5.0",
        "regjsparser": "^0.6.0",
        "unicode-match-property-ecmascript": "^1.0.4",
        "unicode-match-property-value-ecmascript": "^1.1.0"
      }
    },
    "regjsgen": {
      "version": "0.5.2",
      "resolved": "https://registry.npm.alibaba-inc.com/regjsgen/download/regjsgen-0.5.2.tgz",
      "integrity": "sha1-kv8pX7He7L9uzaslQ9IH6RqjNzM=",
      "dev": true
    },
    "regjsparser": {
      "version": "0.6.9",
      "resolved": "https://registry.npm.alibaba-inc.com/regjsparser/download/regjsparser-0.6.9.tgz",
      "integrity": "sha1-tInu98mizkNydicBFCnPgzpxg+Y=",
      "dev": true,
      "requires": {
        "jsesc": "~0.5.0"
      }
    },
    "resolve": {
      "version": "1.20.0",
      "resolved": "https://registry.npm.alibaba-inc.com/resolve/download/resolve-1.20.0.tgz",
      "integrity": "sha1-YpoBP7P3B1XW8LeTXMHCxTeLGXU=",
      "dev": true,
      "requires": {
        "is-core-module": "^2.2.0",
        "path-parse": "^1.0.6"
      }
    },
    "rimraf": {
      "version": "3.0.2",
      "resolved": "https://registry.npm.alibaba-inc.com/rimraf/download/rimraf-3.0.2.tgz",
      "integrity": "sha1-8aVAK6YiCtUswSgrrBrjqkn9Bho=",
      "dev": true,
      "requires": {
        "glob": "^7.1.3"
      }
    },
    "rollup": {
      "version": "2.52.6",
      "resolved": "https://registry.npm.alibaba-inc.com/rollup/download/rollup-2.52.6.tgz",
      "integrity": "sha1-fHVG0XDerQ59sLbHCffzQ5hJio4=",
      "dev": true,
      "requires": {
        "fsevents": "~2.3.2"
      }
    },
    "sourcemap-codec": {
      "version": "1.4.8",
      "resolved": "https://registry.npm.alibaba-inc.com/sourcemap-codec/download/sourcemap-codec-1.4.8.tgz",
      "integrity": "sha1-6oBL2UhXQC5pktBaOO8a41qatMQ=",
      "dev": true
    },
    "supports-color": {
      "version": "5.5.0",
      "resolved": "https://registry.npm.alibaba-inc.com/supports-color/download/supports-color-5.5.0.tgz",
      "integrity": "sha1-4uaaRKyHcveKHsCzW2id9lMO/I8=",
      "dev": true,
      "requires": {
        "has-flag": "^3.0.0"
      }
    },
    "tslib": {
      "version": "2.3.0",
      "resolved": "https://registry.npm.alibaba-inc.com/tslib/download/tslib-2.3.0.tgz",
      "integrity": "sha1-gDuM2rPhK6WBpMpByIObuw2ssJ4=",
      "dev": true
    },
    "typescript": {
      "version": "4.3.5",
      "resolved": "https://registry.npm.alibaba-inc.com/typescript/download/typescript-4.3.5.tgz",
      "integrity": "sha1-TRw3zBbok5c8RaBohrcRMjTxGfQ=",
      "dev": true
    },
    "unicode-canonical-property-names-ecmascript": {
      "version": "1.0.4",
      "resolved": "https://registry.npm.alibaba-inc.com/unicode-canonical-property-names-ecmascript/download/unicode-canonical-property-names-ecmascript-1.0.4.tgz",
      "integrity": "sha1-JhmADEyCWADv3YNDr33Zkzy+KBg=",
      "dev": true
    },
    "unicode-match-property-ecmascript": {
      "version": "1.0.4",
      "resolved": "https://registry.npm.alibaba-inc.com/unicode-match-property-ecmascript/download/unicode-match-property-ecmascript-1.0.4.tgz",
      "integrity": "sha1-jtKjJWmWG86SJ9Cc0/+7j+1fAgw=",
      "dev": true,
      "requires": {
        "unicode-canonical-property-names-ecmascript": "^1.0.4",
        "unicode-property-aliases-ecmascript": "^1.0.4"
      }
    },
    "unicode-match-property-value-ecmascript": {
      "version": "1.2.0",
      "resolved": "https://registry.npm.alibaba-inc.com/unicode-match-property-value-ecmascript/download/unicode-match-property-value-ecmascript-1.2.0.tgz",
      "integrity": "sha1-DZH2AO7rMJaqlisdb8iIduZOpTE=",
      "dev": true
    },
    "unicode-property-aliases-ecmascript": {
      "version": "1.1.0",
      "resolved": "https://registry.npm.alibaba-inc.com/unicode-property-aliases-ecmascript/download/unicode-property-aliases-ecmascript-1.1.0.tgz",
      "integrity": "sha1-3Vepn2IHvt/0Yoq++5TFDblByPQ=",
      "dev": true
    },
    "wrappy": {
      "version": "1.0.2",
      "resolved": "https://registry.npm.alibaba-inc.com/wrappy/download/wrappy-1.0.2.tgz",
      "integrity": "sha1-tSQ9jz7BqjXxNkYFvA0QNuMKtp8=",
      "dev": true
    }
  }
}
