{
  "name": "@antv/async-hook",
  "version": "2.0.28-alpha.2",
  "lockfileVersion": 1,
  "requires": true,
  "dependencies": {
    "@rollup/plugin-commonjs": {
      "version": "11.0.2",
      "resolved": "https://registry.npm.alibaba-inc.com/@rollup/plugin-commonjs/download/@rollup/plugin-commonjs-11.0.2.tgz",
      "integrity": "sha1-g3zGlQdSMny5AXe2CPCSik5gtYI=",
      "dev": true,
      "requires": {
        "@rollup/pluginutils": "^3.0.0",
        "estree-walker": "^1.0.1",
        "is-reference": "^1.1.2",
        "magic-string": "^0.25.2",
        "resolve": "^1.11.0"
      }
    },
    "@rollup/pluginutils": {
      "version": "3.0.8",
      "resolved": "https://registry.npm.alibaba-inc.com/@rollup/pluginutils/download/@rollup/pluginutils-3.0.8.tgz",
      "integrity": "sha1-TpTRKNlLkGmeUX7wRUIpYNGMj94=",
      "dev": true,
      "requires": {
        "estree-walker": "^1.0.1"
      }
    },
    "@types/async": {
      "version": "3.0.8",
      "resolved": "https://registry.npmjs.org/@types/async/-/async-3.0.8.tgz",
      "integrity": "sha512-wIM8bCrHeQHCUyDqJYXyvG8P98YeERaOB1NeOvcjnjlM32pn21S13j6tZqhiWX+nkpU3EvhtE/nuO1ItCpZ+HQ==",
      "dev": true
    },
    "@types/estree": {
      "version": "0.0.39",
      "resolved": "https://registry.npm.alibaba-inc.com/@types/estree/download/@types/estree-0.0.39.tgz",
      "integrity": "sha1-4Xfmme4bjCLSMXTKqnQiZEOJUJ8=",
      "dev": true
    },
    "@types/node": {
      "version": "13.7.6",
      "resolved": "https://registry.npm.alibaba-inc.com/@types/node/download/@types/node-13.7.6.tgz",
      "integrity": "sha1-y3NKfBkUcq5qKzpQK03//OqXQRM=",
      "dev": true
    },
    "@types/resolve": {
      "version": "0.0.8",
      "resolved": "https://registry.npm.alibaba-inc.com/@types/resolve/download/@types/resolve-0.0.8.tgz",
      "integrity": "sha1-8mB00jjgJlnjI84aE9BB7uKA4ZQ=",
      "dev": true,
      "requires": {
        "@types/node": "*"
      }
    },
    "acorn": {
      "version": "6.4.0",
      "resolved": "https://registry.npm.alibaba-inc.com/acorn/download/acorn-6.4.0.tgz",
      "integrity": "sha1-tlnS/7r6JLr12xzbsslKmD7NJ4Q=",
      "dev": true
    },
    "acorn-dynamic-import": {
      "version": "4.0.0",
      "resolved": "https://registry.npm.alibaba-inc.com/acorn-dynamic-import/download/acorn-dynamic-import-4.0.0.tgz",
      "integrity": "sha1-SCIQFAWCo2uDw+NC4c/ryqkkCUg=",
      "dev": true
    },
    "acorn-jsx": {
      "version": "5.1.0",
      "resolved": "https://registry.npm.alibaba-inc.com/acorn-jsx/download/acorn-jsx-5.1.0.tgz",
      "integrity": "sha1-KUrbcbVzmLBoABXwo4xWPuHbU4Q=",
      "dev": true
    },
    "ansi-styles": {
      "version": "3.2.1",
      "resolved": "https://registry.npm.alibaba-inc.com/ansi-styles/download/ansi-styles-3.2.1.tgz",
      "integrity": "sha1-QfuyAkPlCxK+DwS43tvwdSDOhB0=",
      "dev": true,
      "requires": {
        "color-convert": "^1.9.0"
      }
    },
    "async": {
      "version": "3.1.1",
      "resolved": "https://registry.npm.alibaba-inc.com/async/download/async-3.1.1.tgz",
      "integrity": "sha1-3TVC2wPeg3l5yeu8pkygGwbcmN8="
    },
    "buble": {
      "version": "0.19.8",
      "resolved": "https://registry.npm.alibaba-inc.com/buble/download/buble-0.19.8.tgz",
      "integrity": "sha1-1kLwCBr6tm3M2JfXtjYNlAMLnT0=",
      "dev": true,
      "requires": {
        "acorn": "^6.1.1",
        "acorn-dynamic-import": "^4.0.0",
        "acorn-jsx": "^5.0.1",
        "chalk": "^2.4.2",
        "magic-string": "^0.25.3",
        "minimist": "^1.2.0",
        "os-homedir": "^2.0.0",
        "regexpu-core": "^4.5.4"
      }
    },
    "builtin-modules": {
      "version": "3.1.0",
      "resolved": "https://registry.npm.alibaba-inc.com/builtin-modules/download/builtin-modules-3.1.0.tgz",
      "integrity": "sha1-qtl8FRMet2tltQ7yCOdYTNdqdIQ=",
      "dev": true
    },
    "chalk": {
      "version": "2.4.2",
      "resolved": "https://registry.npm.alibaba-inc.com/chalk/download/chalk-2.4.2.tgz",
      "integrity": "sha1-zUJUFnelQzPPVBpJEIwUMrRMlCQ=",
      "dev": true,
      "requires": {
        "ansi-styles": "^3.2.1",
        "escape-string-regexp": "^1.0.5",
        "supports-color": "^5.3.0"
      }
    },
    "color-convert": {
      "version": "1.9.3",
      "resolved": "https://registry.npm.alibaba-inc.com/color-convert/download/color-convert-1.9.3.tgz",
      "integrity": "sha1-u3GFBpDh8TZWfeYp0tVHHe2kweg=",
      "dev": true,
      "requires": {
        "color-name": "1.1.3"
      }
    },
    "color-name": {
      "version": "1.1.3",
      "resolved": "https://registry.npm.alibaba-inc.com/color-name/download/color-name-1.1.3.tgz",
      "integrity": "sha1-p9BVi9icQveV3UIyj3QIMcpTvCU=",
      "dev": true
    },
    "escape-string-regexp": {
      "version": "1.0.5",
      "resolved": "https://registry.npm.alibaba-inc.com/escape-string-regexp/download/escape-string-regexp-1.0.5.tgz",
      "integrity": "sha1-G2HAViGQqN/2rjuyzwIAyhMLhtQ=",
      "dev": true
    },
    "estree-walker": {
      "version": "1.0.1",
      "resolved": "https://registry.npm.alibaba-inc.com/estree-walker/download/estree-walker-1.0.1.tgz",
      "integrity": "sha1-MbxdYSyWtwQQa0d+bdXYqhOMtwA=",
      "dev": true
    },
    "has-flag": {
      "version": "3.0.0",
      "resolved": "https://registry.npm.alibaba-inc.com/has-flag/download/has-flag-3.0.0.tgz",
      "integrity": "sha1-tdRU3CGZriJWmfNGfloH87lVuv0=",
      "dev": true
    },
    "is-module": {
      "version": "1.0.0",
      "resolved": "https://registry.npm.alibaba-inc.com/is-module/download/is-module-1.0.0.tgz",
      "integrity": "sha1-Mlj7afeMFNW4FdZkM2tM/7ZEFZE=",
      "dev": true
    },
    "is-reference": {
      "version": "1.1.4",
      "resolved": "https://registry.npm.alibaba-inc.com/is-reference/download/is-reference-1.1.4.tgz",
      "integrity": "sha1-P5WEmIbdtwJWo+bQYrGmjBPFFCc=",
      "dev": true,
      "requires": {
        "@types/estree": "0.0.39"
      }
    },
    "jsesc": {
      "version": "0.5.0",
      "resolved": "https://registry.npm.alibaba-inc.com/jsesc/download/jsesc-0.5.0.tgz",
      "integrity": "sha1-597mbjXW/Bb3EP6R1c9p9w8IkR0=",
      "dev": true
    },
    "magic-string": {
      "version": "0.25.6",
      "resolved": "https://registry.npm.alibaba-inc.com/magic-string/download/magic-string-0.25.6.tgz",
      "integrity": "sha1-VYY4fRJC+RnG0iNXnMk4vxQgeV4=",
      "dev": true,
      "requires": {
        "sourcemap-codec": "^1.4.4"
      }
    },
    "minimist": {
      "version": "1.2.0",
      "resolved": "https://registry.npm.alibaba-inc.com/minimist/download/minimist-1.2.0.tgz",
      "integrity": "sha1-o1AIsg9BOD7sH7kU9M1d95omQoQ=",
      "dev": true
    },
    "os-homedir": {
      "version": "2.0.0",
      "resolved": "https://registry.npm.alibaba-inc.com/os-homedir/download/os-homedir-2.0.0.tgz",
      "integrity": "sha1-oMdrsAGoOSpQPL1G5+ZQs0I6kjw=",
      "dev": true
    },
    "path-parse": {
      "version": "1.0.6",
      "resolved": "https://registry.npm.alibaba-inc.com/path-parse/download/path-parse-1.0.6.tgz",
      "integrity": "sha1-1i27VnlAXXLEc37FhgDp3c8G0kw=",
      "dev": true
    },
    "regenerate": {
      "version": "1.4.0",
      "resolved": "https://registry.npm.alibaba-inc.com/regenerate/download/regenerate-1.4.0.tgz",
      "integrity": "sha1-SoVuxLVuQHfFV1icroXnpMiGmhE=",
      "dev": true
    },
    "regenerate-unicode-properties": {
      "version": "8.1.0",
      "resolved": "https://registry.npm.alibaba-inc.com/regenerate-unicode-properties/download/regenerate-unicode-properties-8.1.0.tgz",
      "integrity": "sha1-71Hg8OpK1CS3e/fLQfPgFccKPw4=",
      "dev": true,
      "requires": {
        "regenerate": "^1.4.0"
      }
    },
    "regexpu-core": {
      "version": "4.6.0",
      "resolved": "https://registry.npm.alibaba-inc.com/regexpu-core/download/regexpu-core-4.6.0.tgz",
      "integrity": "sha1-IDfBizJ8/Oim/qKk7EQfJDKvuLY=",
      "dev": true,
      "requires": {
        "regenerate": "^1.4.0",
        "regenerate-unicode-properties": "^8.1.0",
        "regjsgen": "^0.5.0",
        "regjsparser": "^0.6.0",
        "unicode-match-property-ecmascript": "^1.0.4",
        "unicode-match-property-value-ecmascript": "^1.1.0"
      }
    },
    "regjsgen": {
      "version": "0.5.1",
      "resolved": "https://registry.npm.alibaba-inc.com/regjsgen/download/regjsgen-0.5.1.tgz",
      "integrity": "sha1-SPC/Gl6iBRlpKcDZeYtC0e2YRDw=",
      "dev": true
    },
    "regjsparser": {
      "version": "0.6.3",
      "resolved": "https://registry.npm.alibaba-inc.com/regjsparser/download/regjsparser-0.6.3.tgz",
      "integrity": "sha1-dBksWAXTXp9evjwftbQNQKijhGA=",
      "dev": true,
      "requires": {
        "jsesc": "~0.5.0"
      }
    },
    "resolve": {
      "version": "1.15.1",
      "resolved": "https://registry.npm.alibaba-inc.com/resolve/download/resolve-1.15.1.tgz",
      "integrity": "sha1-J73N7/6vLWJEuVuw+fS0ZTRR8+g=",
      "dev": true,
      "requires": {
        "path-parse": "^1.0.6"
      }
    },
    "rollup-plugin-buble": {
      "version": "0.19.8",
      "resolved": "https://registry.npm.alibaba-inc.com/rollup-plugin-buble/download/rollup-plugin-buble-0.19.8.tgz",
      "integrity": "sha1-+SMuK7YqdXPQT5cFwb1vAsKgLGo=",
      "dev": true,
      "requires": {
        "buble": "^0.19.8",
        "rollup-pluginutils": "^2.3.3"
      }
    },
    "rollup-plugin-node-resolve": {
      "version": "5.2.0",
      "resolved": "https://registry.npm.alibaba-inc.com/rollup-plugin-node-resolve/download/rollup-plugin-node-resolve-5.2.0.tgz",
      "integrity": "sha1-cw+T0Q7SAkc7H7VKWZen24xthSM=",
      "dev": true,
      "requires": {
        "@types/resolve": "0.0.8",
        "builtin-modules": "^3.1.0",
        "is-module": "^1.0.0",
        "resolve": "^1.11.1",
        "rollup-pluginutils": "^2.8.1"
      }
    },
    "rollup-plugin-typescript": {
      "version": "1.0.1",
      "resolved": "https://registry.npm.alibaba-inc.com/rollup-plugin-typescript/download/rollup-plugin-typescript-1.0.1.tgz",
      "integrity": "sha1-hlZQM7cUw9Hzq6UQqtPcUZ9wkek=",
      "dev": true,
      "requires": {
        "resolve": "^1.10.0",
        "rollup-pluginutils": "^2.5.0"
      }
    },
    "rollup-pluginutils": {
      "version": "2.8.2",
      "resolved": "https://registry.npm.alibaba-inc.com/rollup-pluginutils/download/rollup-pluginutils-2.8.2.tgz",
      "integrity": "sha1-cvKvB0i1kjZNvTOJ5gDlqURKNR4=",
      "dev": true,
      "requires": {
        "estree-walker": "^0.6.1"
      },
      "dependencies": {
        "estree-walker": {
          "version": "0.6.1",
          "resolved": "https://registry.npm.alibaba-inc.com/estree-walker/download/estree-walker-0.6.1.tgz",
          "integrity": "sha1-UwSRQ/QMbrkYsjZx0f4yGfOhs2I=",
          "dev": true
        }
      }
    },
    "sourcemap-codec": {
      "version": "1.4.8",
      "resolved": "https://registry.npm.alibaba-inc.com/sourcemap-codec/download/sourcemap-codec-1.4.8.tgz",
      "integrity": "sha1-6oBL2UhXQC5pktBaOO8a41qatMQ=",
      "dev": true
    },
    "supports-color": {
      "version": "5.5.0",
      "resolved": "https://registry.npm.alibaba-inc.com/supports-color/download/supports-color-5.5.0.tgz",
      "integrity": "sha1-4uaaRKyHcveKHsCzW2id9lMO/I8=",
      "dev": true,
      "requires": {
        "has-flag": "^3.0.0"
      }
    },
    "unicode-canonical-property-names-ecmascript": {
      "version": "1.0.4",
      "resolved": "https://registry.npm.alibaba-inc.com/unicode-canonical-property-names-ecmascript/download/unicode-canonical-property-names-ecmascript-1.0.4.tgz",
      "integrity": "sha1-JhmADEyCWADv3YNDr33Zkzy+KBg=",
      "dev": true
    },
    "unicode-match-property-ecmascript": {
      "version": "1.0.4",
      "resolved": "https://registry.npm.alibaba-inc.com/unicode-match-property-ecmascript/download/unicode-match-property-ecmascript-1.0.4.tgz",
      "integrity": "sha1-jtKjJWmWG86SJ9Cc0/+7j+1fAgw=",
      "dev": true,
      "requires": {
        "unicode-canonical-property-names-ecmascript": "^1.0.4",
        "unicode-property-aliases-ecmascript": "^1.0.4"
      }
    },
    "unicode-match-property-value-ecmascript": {
      "version": "1.1.0",
      "resolved": "https://registry.npm.alibaba-inc.com/unicode-match-property-value-ecmascript/download/unicode-match-property-value-ecmascript-1.1.0.tgz",
      "integrity": "sha1-W0tCbgjROoA2Xg1lesemwexGonc=",
      "dev": true
    },
    "unicode-property-aliases-ecmascript": {
      "version": "1.0.5",
      "resolved": "https://registry.npm.alibaba-inc.com/unicode-property-aliases-ecmascript/download/unicode-property-aliases-ecmascript-1.0.5.tgz",
      "integrity": "sha1-qcxsx85joKMCP8meNBuUQx1AWlc=",
      "dev": true
    }
  }
}
