# THIS IS AN AUTOGENERATED FILE. DO NOT EDIT THIS FILE DIRECTLY.
# yarn lockfile v1


"@rollup/plugin-buble@^0.21.3":
  version "0.21.3"
  resolved "https://registry.npm.alibaba-inc.com/@rollup/plugin-buble/download/@rollup/plugin-buble-0.21.3.tgz#1649a915b1d051a4f430d40e7734a7f67a69b33e"
  integrity sha1-FkmpFbHQUaT0MNQOdzSn9nppsz4=
  dependencies:
    "@rollup/pluginutils" "^3.0.8"
    "@types/buble" "^0.19.2"
    buble "^0.20.0"

"@rollup/plugin-commonjs@^19.0.0":
  version "19.0.2"
  resolved "https://registry.npm.alibaba-inc.com/@rollup/plugin-commonjs/download/@rollup/plugin-commonjs-19.0.2.tgz#1ccc3d63878d1bc9846f8969f09dd3b3e4ecc244"
  integrity sha1-HMw9Y4eNG8mEb4lp8J3Ts+TswkQ=
  dependencies:
    "@rollup/pluginutils" "^3.1.0"
    commondir "^1.0.1"
    estree-walker "^2.0.1"
    glob "^7.1.6"
    is-reference "^1.2.1"
    magic-string "^0.25.7"
    resolve "^1.17.0"

"@rollup/plugin-node-resolve@^13.0.0":
  version "13.3.0"
  resolved "https://registry.npm.alibaba-inc.com/@rollup/plugin-node-resolve/download/@rollup/plugin-node-resolve-13.3.0.tgz#da1c5c5ce8316cef96a2f823d111c1e4e498801c"
  integrity sha512-Lus8rbUo1eEcnS4yTFKLZrVumLPY+YayBdWXgFSHYhTT2iJbMhoaaBL3xl5NCdeRytErGr8tZ0L71BMRmnlwSw==
  dependencies:
    "@rollup/pluginutils" "^3.1.0"
    "@types/resolve" "1.17.1"
    deepmerge "^4.2.2"
    is-builtin-module "^3.1.0"
    is-module "^1.0.0"
    resolve "^1.19.0"

"@rollup/plugin-typescript@^8.2.1":
  version "8.4.0"
  resolved "https://registry.npm.alibaba-inc.com/@rollup/plugin-typescript/download/@rollup/plugin-typescript-8.4.0.tgz#a8a384b6dbaab42b4cafb075278b15743c0f5ef8"
  integrity sha512-QssfoOP6V4/6skX12EfOW5UzJAv/c334F4OJWmQpe2kg3agEa0JwVCckwmfuvEgDixyX+XyxjFenH7M2rDKUyQ==
  dependencies:
    "@rollup/pluginutils" "^3.1.0"
    resolve "^1.17.0"

"@rollup/pluginutils@^3.0.8", "@rollup/pluginutils@^3.1.0":
  version "3.1.0"
  resolved "https://registry.npm.alibaba-inc.com/@rollup/pluginutils/download/@rollup/pluginutils-3.1.0.tgz#706b4524ee6dc8b103b3c995533e5ad680c02b9b"
  integrity sha1-cGtFJO5tyLEDs8mVUz5a1oDAK5s=
  dependencies:
    "@types/estree" "0.0.39"
    estree-walker "^1.0.1"
    picomatch "^2.2.2"

"@types/async@^3.0.8":
  version "3.2.15"
  resolved "https://registry.npm.alibaba-inc.com/@types/async/download/@types/async-3.2.15.tgz#26d4768fdda0e466f18d6c9918ca28cc89a4e1fe"
  integrity sha512-PAmPfzvFA31mRoqZyTVsgJMsvbynR429UTTxhmfsUCrWGh3/fxOrzqBtaTPJsn4UtzTv4Vb0+/O7CARWb69N4g==

"@types/buble@^0.19.2":
  version "0.19.2"
  resolved "https://registry.npm.alibaba-inc.com/@types/buble/download/@types/buble-0.19.2.tgz#a4289d20b175b3c206aaad80caabdabe3ecdfdd1"
  integrity sha1-pCidILF1s8IGqq2Ayqvavj7N/dE=
  dependencies:
    magic-string "^0.25.0"

"@types/estree@*":
  version "1.0.0"
  resolved "https://registry.npm.alibaba-inc.com/@types/estree/download/@types/estree-1.0.0.tgz#5fb2e536c1ae9bf35366eed879e827fa59ca41c2"
  integrity sha512-WulqXMDUTYAXCjZnk6JtIHPigp55cVtDgDrO2gHRwhyJto21+1zbVCtOYB2L1F9w4qCQ0rOGWBnBe0FNTiEJIQ==

"@types/estree@0.0.39":
  version "0.0.39"
  resolved "https://registry.npm.alibaba-inc.com/@types/estree/download/@types/estree-0.0.39.tgz#e177e699ee1b8c22d23174caaa7422644389509f"
  integrity sha1-4Xfmme4bjCLSMXTKqnQiZEOJUJ8=

"@types/node@*":
  version "18.7.14"
  resolved "https://registry.npm.alibaba-inc.com/@types/node/download/@types/node-18.7.14.tgz#0fe081752a3333392d00586d815485a17c2cf3c9"
  integrity sha512-6bbDaETVi8oyIARulOE9qF1/Qdi/23z6emrUh0fNJRUmjznqrixD4MpGDdgOFk5Xb0m2H6Xu42JGdvAxaJR/wA==

"@types/resolve@1.17.1":
  version "1.17.1"
  resolved "https://registry.npm.alibaba-inc.com/@types/resolve/download/@types/resolve-1.17.1.tgz#3afd6ad8967c77e4376c598a82ddd58f46ec45d6"
  integrity sha1-Ov1q2JZ8d+Q3bFmKgt3Vj0bsRdY=
  dependencies:
    "@types/node" "*"

acorn-dynamic-import@^4.0.0:
  version "4.0.0"
  resolved "https://registry.npm.alibaba-inc.com/acorn-dynamic-import/download/acorn-dynamic-import-4.0.0.tgz#482210140582a36b83c3e342e1cfebcaa9240948"
  integrity sha1-SCIQFAWCo2uDw+NC4c/ryqkkCUg=

acorn-jsx@^5.2.0:
  version "5.3.2"
  resolved "https://registry.npm.alibaba-inc.com/acorn-jsx/download/acorn-jsx-5.3.2.tgz#7ed5bb55908b3b2f1bc55c6af1653bada7f07937"
  integrity sha1-ftW7VZCLOy8bxVxq8WU7rafweTc=

acorn@^6.4.1:
  version "6.4.2"
  resolved "https://registry.npm.alibaba-inc.com/acorn/download/acorn-6.4.2.tgz#35866fd710528e92de10cf06016498e47e39e1e6"
  integrity sha1-NYZv1xBSjpLeEM8GAWSY5H454eY=

ansi-styles@^3.2.1:
  version "3.2.1"
  resolved "https://registry.npm.alibaba-inc.com/ansi-styles/download/ansi-styles-3.2.1.tgz#41fbb20243e50b12be0f04b8dedbf07520ce841d"
  integrity sha1-QfuyAkPlCxK+DwS43tvwdSDOhB0=
  dependencies:
    color-convert "^1.9.0"

async@^3.1.1:
  version "3.2.4"
  resolved "https://registry.npm.alibaba-inc.com/async/download/async-3.2.4.tgz#2d22e00f8cddeb5fde5dd33522b56d1cf569a81c"
  integrity sha512-iAB+JbDEGXhyIUavoDl9WP/Jj106Kz9DEn1DPgYw5ruDn0e3Wgi3sKFm55sASdGBNOQB8F59d9qQ7deqrHA8wQ==

balanced-match@^1.0.0:
  version "1.0.2"
  resolved "https://registry.npm.alibaba-inc.com/balanced-match/download/balanced-match-1.0.2.tgz#e83e3a7e3f300b34cb9d87f615fa0cbf357690ee"
  integrity sha1-6D46fj8wCzTLnYf2FfoMvzV2kO4=

brace-expansion@^1.1.7:
  version "1.1.11"
  resolved "https://registry.npm.alibaba-inc.com/brace-expansion/download/brace-expansion-1.1.11.tgz#3c7fcbf529d87226f3d2f52b966ff5271eb441dd"
  integrity sha1-PH/L9SnYcibz0vUrlm/1Jx60Qd0=
  dependencies:
    balanced-match "^1.0.0"
    concat-map "0.0.1"

buble@^0.20.0:
  version "0.20.0"
  resolved "https://registry.npm.alibaba-inc.com/buble/download/buble-0.20.0.tgz#a143979a8d968b7f76b57f38f2e7ce7cfe938d1f"
  integrity sha1-oUOXmo2Wi392tX848ufOfP6TjR8=
  dependencies:
    acorn "^6.4.1"
    acorn-dynamic-import "^4.0.0"
    acorn-jsx "^5.2.0"
    chalk "^2.4.2"
    magic-string "^0.25.7"
    minimist "^1.2.5"
    regexpu-core "4.5.4"

builtin-modules@^3.0.0:
  version "3.3.0"
  resolved "https://registry.npm.alibaba-inc.com/builtin-modules/download/builtin-modules-3.3.0.tgz#cae62812b89801e9656336e46223e030386be7b6"
  integrity sha512-zhaCDicdLuWN5UbN5IMnFqNMhNfo919sH85y2/ea+5Yg9TsTkeZxpL+JLbp6cgYFS4sRLp3YV4S6yDuqVWHYOw==

chalk@^2.4.2:
  version "2.4.2"
  resolved "https://registry.npm.alibaba-inc.com/chalk/download/chalk-2.4.2.tgz#cd42541677a54333cf541a49108c1432b44c9424"
  integrity sha1-zUJUFnelQzPPVBpJEIwUMrRMlCQ=
  dependencies:
    ansi-styles "^3.2.1"
    escape-string-regexp "^1.0.5"
    supports-color "^5.3.0"

color-convert@^1.9.0:
  version "1.9.3"
  resolved "https://registry.npm.alibaba-inc.com/color-convert/download/color-convert-1.9.3.tgz#bb71850690e1f136567de629d2d5471deda4c1e8"
  integrity sha1-u3GFBpDh8TZWfeYp0tVHHe2kweg=
  dependencies:
    color-name "1.1.3"

color-name@1.1.3:
  version "1.1.3"
  resolved "https://registry.npm.alibaba-inc.com/color-name/download/color-name-1.1.3.tgz#a7d0558bd89c42f795dd42328f740831ca53bc25"
  integrity sha1-p9BVi9icQveV3UIyj3QIMcpTvCU=

commondir@^1.0.1:
  version "1.0.1"
  resolved "https://registry.npm.alibaba-inc.com/commondir/download/commondir-1.0.1.tgz#ddd800da0c66127393cca5950ea968a3aaf1253b"
  integrity sha1-3dgA2gxmEnOTzKWVDqloo6rxJTs=

concat-map@0.0.1:
  version "0.0.1"
  resolved "https://registry.npm.alibaba-inc.com/concat-map/download/concat-map-0.0.1.tgz#d8a96bd77fd68df7793a73036a3ba0d5405d477b"
  integrity sha1-2Klr13/Wjfd5OnMDajug1UBdR3s=

deepmerge@^4.2.2:
  version "4.2.2"
  resolved "https://registry.npm.alibaba-inc.com/deepmerge/download/deepmerge-4.2.2.tgz#44d2ea3679b8f4d4ffba33f03d865fc1e7bf4955"
  integrity sha1-RNLqNnm49NT/ujPwPYZfwee/SVU=

escape-string-regexp@^1.0.5:
  version "1.0.5"
  resolved "https://registry.npm.alibaba-inc.com/escape-string-regexp/download/escape-string-regexp-1.0.5.tgz#1b61c0562190a8dff6ae3bb2cf0200ca130b86d4"
  integrity sha1-G2HAViGQqN/2rjuyzwIAyhMLhtQ=

estree-walker@^1.0.1:
  version "1.0.1"
  resolved "https://registry.npm.alibaba-inc.com/estree-walker/download/estree-walker-1.0.1.tgz#31bc5d612c96b704106b477e6dd5d8aa138cb700"
  integrity sha1-MbxdYSyWtwQQa0d+bdXYqhOMtwA=

estree-walker@^2.0.1:
  version "2.0.2"
  resolved "https://registry.npm.alibaba-inc.com/estree-walker/download/estree-walker-2.0.2.tgz#52f010178c2a4c117a7757cfe942adb7d2da4cac"
  integrity sha1-UvAQF4wqTBF6d1fP6UKtt9LaTKw=

fs.realpath@^1.0.0:
  version "1.0.0"
  resolved "https://registry.npm.alibaba-inc.com/fs.realpath/download/fs.realpath-1.0.0.tgz#1504ad2523158caa40db4a2787cb01411994ea4f"
  integrity sha1-FQStJSMVjKpA20onh8sBQRmU6k8=

fsevents@~2.3.2:
  version "2.3.2"
  resolved "https://registry.npm.alibaba-inc.com/fsevents/download/fsevents-2.3.2.tgz#8a526f78b8fdf4623b709e0b975c52c24c02fd1a"
  integrity sha1-ilJveLj99GI7cJ4Ll1xSwkwC/Ro=

function-bind@^1.1.1:
  version "1.1.1"
  resolved "https://registry.npm.alibaba-inc.com/function-bind/download/function-bind-1.1.1.tgz#a56899d3ea3c9bab874bb9773b7c5ede92f4895d"
  integrity sha1-pWiZ0+o8m6uHS7l3O3xe3pL0iV0=

glob@^7.1.3, glob@^7.1.6:
  version "7.2.3"
  resolved "https://registry.npm.alibaba-inc.com/glob/download/glob-7.2.3.tgz#b8df0fb802bbfa8e89bd1d938b4e16578ed44f2b"
  integrity sha512-nFR0zLpU2YCaRxwoCJvL6UvCH2JFyFVIvwTLsIf21AuHlMskA1hhTdk+LlYJtOlYt9v6dvszD2BGRqBL+iQK9Q==
  dependencies:
    fs.realpath "^1.0.0"
    inflight "^1.0.4"
    inherits "2"
    minimatch "^3.1.1"
    once "^1.3.0"
    path-is-absolute "^1.0.0"

has-flag@^3.0.0:
  version "3.0.0"
  resolved "https://registry.npm.alibaba-inc.com/has-flag/download/has-flag-3.0.0.tgz#b5d454dc2199ae225699f3467e5a07f3b955bafd"
  integrity sha1-tdRU3CGZriJWmfNGfloH87lVuv0=

has@^1.0.3:
  version "1.0.3"
  resolved "https://registry.npm.alibaba-inc.com/has/download/has-1.0.3.tgz#722d7cbfc1f6aa8241f16dd814e011e1f41e8796"
  integrity sha1-ci18v8H2qoJB8W3YFOAR4fQeh5Y=
  dependencies:
    function-bind "^1.1.1"

inflight@^1.0.4:
  version "1.0.6"
  resolved "https://registry.npm.alibaba-inc.com/inflight/download/inflight-1.0.6.tgz#49bd6331d7d02d0c09bc910a1075ba8165b56df9"
  integrity sha1-Sb1jMdfQLQwJvJEKEHW6gWW1bfk=
  dependencies:
    once "^1.3.0"
    wrappy "1"

inherits@2:
  version "2.0.4"
  resolved "https://registry.npm.alibaba-inc.com/inherits/download/inherits-2.0.4.tgz#0fa2c64f932917c3433a0ded55363aae37416b7c"
  integrity sha1-D6LGT5MpF8NDOg3tVTY6rjdBa3w=

is-builtin-module@^3.1.0:
  version "3.1.0"
  resolved "https://registry.npm.alibaba-inc.com/is-builtin-module/download/is-builtin-module-3.1.0.tgz#6fdb24313b1c03b75f8b9711c0feb8c30b903b00"
  integrity sha1-b9skMTscA7dfi5cRwP64wwuQOwA=
  dependencies:
    builtin-modules "^3.0.0"

is-core-module@^2.9.0:
  version "2.10.0"
  resolved "https://registry.npm.alibaba-inc.com/is-core-module/download/is-core-module-2.10.0.tgz#9012ede0a91c69587e647514e1d5277019e728ed"
  integrity sha512-Erxj2n/LDAZ7H8WNJXd9tw38GYM3dv8rk8Zcs+jJuxYTW7sozH+SS8NtrSjVL1/vpLvWi1hxy96IzjJ3EHTJJg==
  dependencies:
    has "^1.0.3"

is-module@^1.0.0:
  version "1.0.0"
  resolved "https://registry.npm.alibaba-inc.com/is-module/download/is-module-1.0.0.tgz#3258fb69f78c14d5b815d664336b4cffb6441591"
  integrity sha1-Mlj7afeMFNW4FdZkM2tM/7ZEFZE=

is-reference@^1.2.1:
  version "1.2.1"
  resolved "https://registry.npm.alibaba-inc.com/is-reference/download/is-reference-1.2.1.tgz#8b2dac0b371f4bc994fdeaba9eb542d03002d0b7"
  integrity sha1-iy2sCzcfS8mU/eq6nrVC0DAC0Lc=
  dependencies:
    "@types/estree" "*"

jsesc@~0.5.0:
  version "0.5.0"
  resolved "https://registry.npm.alibaba-inc.com/jsesc/download/jsesc-0.5.0.tgz#e7dee66e35d6fc16f710fe91d5cf69f70f08911d"
  integrity sha1-597mbjXW/Bb3EP6R1c9p9w8IkR0=

magic-string@^0.25.0, magic-string@^0.25.7:
  version "0.25.9"
  resolved "https://registry.npm.alibaba-inc.com/magic-string/download/magic-string-0.25.9.tgz#de7f9faf91ef8a1c91d02c2e5314c8277dbcdd1c"
  integrity sha512-RmF0AsMzgt25qzqqLc1+MbHmhdx0ojF2Fvs4XnOqz2ZOBXzzkEwc/dJQZCYHAn7v1jbVOjAZfK8msRn4BxO4VQ==
  dependencies:
    sourcemap-codec "^1.4.8"

minimatch@^3.1.1:
  version "3.1.2"
  resolved "https://registry.npm.alibaba-inc.com/minimatch/download/minimatch-3.1.2.tgz#19cd194bfd3e428f049a70817c038d89ab4be35b"
  integrity sha512-J7p63hRiAjw1NDEww1W7i37+ByIrOWO5XQQAzZ3VOcL0PNybwpfmV/N05zFAzwQ9USyEcX6t3UO+K5aqBQOIHw==
  dependencies:
    brace-expansion "^1.1.7"

minimist@^1.2.5:
  version "1.2.6"
  resolved "https://registry.npm.alibaba-inc.com/minimist/download/minimist-1.2.6.tgz#8637a5b759ea0d6e98702cfb3a9283323c93af44"
  integrity sha512-Jsjnk4bw3YJqYzbdyBiNsPWHPfO++UGG749Cxs6peCu5Xg4nrena6OVxOYxrQTqww0Jmwt+Ref8rggumkTLz9Q==

once@^1.3.0:
  version "1.4.0"
  resolved "https://registry.npm.alibaba-inc.com/once/download/once-1.4.0.tgz#583b1aa775961d4b113ac17d9c50baef9dd76bd1"
  integrity sha1-WDsap3WWHUsROsF9nFC6753Xa9E=
  dependencies:
    wrappy "1"

path-is-absolute@^1.0.0:
  version "1.0.1"
  resolved "https://registry.npm.alibaba-inc.com/path-is-absolute/download/path-is-absolute-1.0.1.tgz#174b9268735534ffbc7ace6bf53a5a9e1b5c5f5f"
  integrity sha1-F0uSaHNVNP+8es5r9TpanhtcX18=

path-parse@^1.0.7:
  version "1.0.7"
  resolved "https://registry.npm.alibaba-inc.com/path-parse/download/path-parse-1.0.7.tgz#fbc114b60ca42b30d9daf5858e4bd68bbedb6735"
  integrity sha1-+8EUtgykKzDZ2vWFjkvWi77bZzU=

picomatch@^2.2.2:
  version "2.3.1"
  resolved "https://registry.npm.alibaba-inc.com/picomatch/download/picomatch-2.3.1.tgz#3ba3833733646d9d3e4995946c1365a67fb07a42"
  integrity sha512-JU3teHTNjmE2VCGFzuY8EXzCDVwEqB2a8fsIvwaStHhAWJEeVd1o1QD80CU6+ZdEXXSLbSsuLwJjkCBWqRQUVA==

regenerate-unicode-properties@^8.0.2:
  version "8.2.0"
  resolved "https://registry.npm.alibaba-inc.com/regenerate-unicode-properties/download/regenerate-unicode-properties-8.2.0.tgz#e5de7111d655e7ba60c057dbe9ff37c87e65cdec"
  integrity sha1-5d5xEdZV57pgwFfb6f83yH5lzew=
  dependencies:
    regenerate "^1.4.0"

regenerate@^1.4.0:
  version "1.4.2"
  resolved "https://registry.npm.alibaba-inc.com/regenerate/download/regenerate-1.4.2.tgz#b9346d8827e8f5a32f7ba29637d398b69014848a"
  integrity sha1-uTRtiCfo9aMve6KWN9OYtpAUhIo=

regexpu-core@4.5.4:
  version "4.5.4"
  resolved "https://registry.npm.alibaba-inc.com/regexpu-core/download/regexpu-core-4.5.4.tgz#080d9d02289aa87fe1667a4f5136bc98a6aebaae"
  integrity sha1-CA2dAiiaqH/hZnpPUTa8mKauuq4=
  dependencies:
    regenerate "^1.4.0"
    regenerate-unicode-properties "^8.0.2"
    regjsgen "^0.5.0"
    regjsparser "^0.6.0"
    unicode-match-property-ecmascript "^1.0.4"
    unicode-match-property-value-ecmascript "^1.1.0"

regjsgen@^0.5.0:
  version "0.5.2"
  resolved "https://registry.npm.alibaba-inc.com/regjsgen/download/regjsgen-0.5.2.tgz#92ff295fb1deecbf6ecdab2543d207e91aa33733"
  integrity sha1-kv8pX7He7L9uzaslQ9IH6RqjNzM=

regjsparser@^0.6.0:
  version "0.6.9"
  resolved "https://registry.npm.alibaba-inc.com/regjsparser/download/regjsparser-0.6.9.tgz#b489eef7c9a2ce43727627011429cf833a7183e6"
  integrity sha1-tInu98mizkNydicBFCnPgzpxg+Y=
  dependencies:
    jsesc "~0.5.0"

resolve@^1.17.0, resolve@^1.19.0:
  version "1.22.1"
  resolved "https://registry.npm.alibaba-inc.com/resolve/download/resolve-1.22.1.tgz#27cb2ebb53f91abb49470a928bba7558066ac177"
  integrity sha512-nBpuuYuY5jFsli/JIs1oldw6fOQCBioohqWZg/2hiaOybXOft4lonv85uDOKXdf8rhyK159cxU5cDcK/NKk8zw==
  dependencies:
    is-core-module "^2.9.0"
    path-parse "^1.0.7"
    supports-preserve-symlinks-flag "^1.0.0"

rimraf@^3.0.2:
  version "3.0.2"
  resolved "https://registry.npm.alibaba-inc.com/rimraf/download/rimraf-3.0.2.tgz#f1a5402ba6220ad52cc1282bac1ae3aa49fd061a"
  integrity sha1-8aVAK6YiCtUswSgrrBrjqkn9Bho=
  dependencies:
    glob "^7.1.3"

rollup@^2.52.6:
  version "2.79.0"
  resolved "https://registry.npm.alibaba-inc.com/rollup/download/rollup-2.79.0.tgz#9177992c9f09eb58c5e56cbfa641607a12b57ce2"
  integrity sha512-x4KsrCgwQ7ZJPcFA/SUu6QVcYlO7uRLfLAy0DSA4NS2eG8japdbpM50ToH7z4iObodRYOJ0soneF0iaQRJ6zhA==
  optionalDependencies:
    fsevents "~2.3.2"

sourcemap-codec@^1.4.8:
  version "1.4.8"
  resolved "https://registry.npm.alibaba-inc.com/sourcemap-codec/download/sourcemap-codec-1.4.8.tgz#ea804bd94857402e6992d05a38ef1ae35a9ab4c4"
  integrity sha1-6oBL2UhXQC5pktBaOO8a41qatMQ=

supports-color@^5.3.0:
  version "5.5.0"
  resolved "https://registry.npm.alibaba-inc.com/supports-color/download/supports-color-5.5.0.tgz#e2e69a44ac8772f78a1ec0b35b689df6530efc8f"
  integrity sha1-4uaaRKyHcveKHsCzW2id9lMO/I8=
  dependencies:
    has-flag "^3.0.0"

supports-preserve-symlinks-flag@^1.0.0:
  version "1.0.0"
  resolved "https://registry.npm.alibaba-inc.com/supports-preserve-symlinks-flag/download/supports-preserve-symlinks-flag-1.0.0.tgz#6eda4bd344a3c94aea376d4cc31bc77311039e09"
  integrity sha512-ot0WnXS9fgdkgIcePe6RHNk1WA8+muPa6cSjeR3V8K27q9BB1rTE3R1p7Hv0z1ZyAc8s6Vvv8DIyWf681MAt0w==

tslib@^2.3.0:
  version "2.4.0"
  resolved "https://registry.npm.alibaba-inc.com/tslib/download/tslib-2.4.0.tgz#7cecaa7f073ce680a05847aa77be941098f36dc3"
  integrity sha512-d6xOpEDfsi2CZVlPQzGeux8XMwLT9hssAsaPYExaQMuYskwb+x1x7J371tWlbBdWHroy99KnVB6qIkUbs5X3UQ==

typescript@^4.0.0:
  version "4.8.2"
  resolved "https://registry.npm.alibaba-inc.com/typescript/download/typescript-4.8.2.tgz#e3b33d5ccfb5914e4eeab6699cf208adee3fd790"
  integrity sha512-C0I1UsrrDHo2fYI5oaCGbSejwX4ch+9Y5jTQELvovfmFkK3HHSZJB8MSJcWLmCUBzQBchCrZ9rMRV6GuNrvGtw==

unicode-canonical-property-names-ecmascript@^1.0.4:
  version "1.0.4"
  resolved "https://registry.npm.alibaba-inc.com/unicode-canonical-property-names-ecmascript/download/unicode-canonical-property-names-ecmascript-1.0.4.tgz#2619800c4c825800efdd8343af7dd9933cbe2818"
  integrity sha1-JhmADEyCWADv3YNDr33Zkzy+KBg=

unicode-match-property-ecmascript@^1.0.4:
  version "1.0.4"
  resolved "https://registry.npm.alibaba-inc.com/unicode-match-property-ecmascript/download/unicode-match-property-ecmascript-1.0.4.tgz#8ed2a32569961bce9227d09cd3ffbb8fed5f020c"
  integrity sha1-jtKjJWmWG86SJ9Cc0/+7j+1fAgw=
  dependencies:
    unicode-canonical-property-names-ecmascript "^1.0.4"
    unicode-property-aliases-ecmascript "^1.0.4"

unicode-match-property-value-ecmascript@^1.1.0:
  version "1.2.0"
  resolved "https://registry.npm.alibaba-inc.com/unicode-match-property-value-ecmascript/download/unicode-match-property-value-ecmascript-1.2.0.tgz#0d91f600eeeb3096aa962b1d6fc88876e64ea531"
  integrity sha1-DZH2AO7rMJaqlisdb8iIduZOpTE=

unicode-property-aliases-ecmascript@^1.0.4:
  version "1.1.0"
  resolved "https://registry.npm.alibaba-inc.com/unicode-property-aliases-ecmascript/download/unicode-property-aliases-ecmascript-1.1.0.tgz#dd57a99f6207bedff4628abefb94c50db941c8f4"
  integrity sha1-3Vepn2IHvt/0Yoq++5TFDblByPQ=

wrappy@1:
  version "1.0.2"
  resolved "https://registry.npm.alibaba-inc.com/wrappy/download/wrappy-1.0.2.tgz#b5243d8f3ec1aa35f1364605bc0d1036e30ab69f"
  integrity sha1-tSQ9jz7BqjXxNkYFvA0QNuMKtp8=
